
Microsoft Visual Studio Solution File, Format Version 12.00
# Visual Studio Version 17
VisualStudioVersion = 17.6.33712.159
MinimumVisualStudioVersion = 10.0.40219.1
Project("{FAE04EC0-301F-11D3-BF4B-00C04F79EFBC}") = "MvcWebSchool_Identity", "MvcWebSchool_Identity\MvcWebSchool_Identity.csproj", "{B15AA2B4-2100-4069-BC08-B9C811A7059C}"
EndProject
Global
	GlobalSection(SolutionConfigurationPlatforms) = preSolution
		Debug|Any CPU = Debug|Any CPU
		Release|Any CPU = Release|Any CPU
	EndGlobalSection
	GlobalSection(ProjectConfigurationPlatforms) = postSolution
		{B15AA2B4-2100-4069-BC08-B9C811A7059C}.Debug|Any CPU.ActiveCfg = Debug|Any CPU
		{B15AA2B4-2100-4069-BC08-B9C811A7059C}.Debug|Any CPU.Build.0 = Debug|Any CPU
		{B15AA2B4-2100-4069-BC08-B9C811A7059C}.Release|Any CPU.ActiveCfg = Release|Any CPU
		{B15AA2B4-2100-4069-BC08-B9C811A7059C}.Release|Any CPU.Build.0 = Release|Any CPU
	EndGlobalSection
	GlobalSection(SolutionProperties) = preSolution
		HideSolutionNode = FALSE
	EndGlobalSection
	GlobalSection(ExtensibilityGlobals) = postSolution
		SolutionGuid = {A24AFC4F-523D-40E3-B00F-858C9C40AC20}
	EndGlobalSection
EndGlobal
